PODS:
  - Alamofire (4.8.1)
  - Base32 (1.1.2)
  - EFQRCode (5.0.0):
    - swift_qrcodejs (~> 1.1.1)
  - Eureka (5.0.0)
  - Haptica (3.0.0)
  - OneTimePassword (3.1.5):
    - Base32 (~> 1.1.2)
  - Realm (3.14.2):
    - Realm/Headers (= 3.14.2)
  - Realm/Headers (3.14.2)
  - RealmSwift (3.14.2):
    - Realm (= 3.14.2)
  - RNCryptor (5.1.0)
  - SDWebImage (5.0.6):
    - SDWebImage/Core (= 5.0.6)
  - SDWebImage/Core (5.0.6)
  - SSZipArchive (2.2.2)
  - swift_qrcodejs (1.1.1)
  - SwiftMessages (7.0.0):
    - SwiftMessages/App (= 7.0.0)
  - SwiftMessages/App (7.0.0)
  - SwiftyBeaver (1.7.0)
  - SwipeCellKit (2.6.0)
  - Valet (3.2.5)
  - ViewRow (0.6):
    - Eureka (>= 5.0.0)

DEPENDENCIES:
  - Alamofire (= 4.8.1)
  - EFQRCode (= 5.0.0)
  - Eureka (= 5.0.0)
  - Haptica (= 3.0.0)
  - OneTimePassword (= 3.1.5)
  - RealmSwift (= 3.14.2)
  - RNCryptor (= 5.1.0)
  - SDWebImage (= 5.0.6)
  - SSZipArchive (= 2.2.2)
  - SwiftMessages (= 7.0.0)
  - SwiftyBeaver (= 1.7.0)
  - SwipeCellKit (= 2.6.0)
  - Valet (= 3.2.5)
  - ViewRow (= 0.6)

SPEC REPOS:
  https://github.com/cocoapods/specs.git:
    - Alamofire
    - Base32
    - EFQRCode
    - Eureka
    - Haptica
    - OneTimePassword
    - Realm
    - RealmSwift
    - RNCryptor
    - SDWebImage
    - SSZipArchive
    - swift_qrcodejs
    - SwiftMessages
    - SwiftyBeaver
    - SwipeCellKit
    - Valet
    - ViewRow

SPEC CHECKSUMS:
  Alamofire: 16ce2c353fb72865124ddae8a57c5942388f4f11
  Base32: 163c298644d184e89ca4e00a996bad6bf5166390
  EFQRCode: 07437cfbce3a1e497397a4f3d766c980d8972608
  Eureka: 0f64f477ec8ef6201c6fec143d60ff5c201cf654
  Haptica: ee4abaf262f456fe3854b493f506debe421ddf2c
  OneTimePassword: 247500f67ab074f10501bb1c46bd1596c57bdb2a
  Realm: 179c6706e3a49dbfe112e572fd3c03d3169bea35
  RealmSwift: 1797f272fb51c555b764fada32e82159a2c65247
  RNCryptor: a369134686cd2ad391323cc856b62e591193ba79
  SDWebImage: 920f1a2ff1ca8296ad34f6e0510a1ef1d70ac965
  SSZipArchive: fa16b8cc4cdeceb698e5e5d9f67e9558532fbf23
  swift_qrcodejs: 0bacbfe321a99954c7b8e04c75562007ea4e4f7c
  SwiftMessages: a952f7a9103d9aeab93730a2861d2d8fcdd8758f
  SwiftyBeaver: 4cc0080d2e23f980652e28978db11a5c9da39165
  SwipeCellKit: 935ca28c187ec6e1ffb2b578cf8ddca842bfdcbb
  Valet: 41882ffa9ed80c5358584837bcf762dfd1888818
  ViewRow: 9bed2e09417d15a800c03cf0a778a3628c08d1a3

PODFILE CHECKSUM: efadc2aabc3e42a17827c9ce9bdbbf44bac067f0

COCOAPODS: 1.5.3
