PODS:
  - Alamofire (4.9.1)
  - Base32 (1.1.2)
  - EFQRCode (6.0.0):
    - swift_qrcodejs (~> 1.2.0)
  - Eureka (5.3.2)
  - Haptica (3.0.2)
  - HTMLString (6.0.1)
  - OneTimePassword (3.2.0):
    - Base32 (~> 1.1.2)
  - Realm (4.3.1):
    - Realm/Headers (= 4.3.1)
  - Realm/Headers (4.3.1)
  - RealmSwift (4.3.1):
    - Realm (= 4.3.1)
  - RNCryptor (5.1.0)
  - SDWebImage (5.10.2):
    - SDWebImage/Core (= 5.10.2)
  - SDWebImage/Core (5.10.2)
  - SPAlert (2.1.1)
  - SPStorkController (1.8.4)
  - SSZipArchive (2.2.3)
  - SwiftMonkey (2.1.1)
  - SwiftMonkeyPaws (2.1.1)
  - SwiftyBeaver (1.9.3)
  - SwipeCellKit (2.7.1)
  - Valet (3.2.8)
  - ViewRow (0.8):
    - Eureka (>= 5.0.0)

DEPENDENCIES:
  - Alamofire (= 4.9.1)
  - EFQRCode (= 6.0.0)
  - Eureka (= 5.3.2)
  - Haptica (= 3.0.2)
  - HTMLString (= 6.0.1)
  - OneTimePassword (= 3.2.0)
  - RealmSwift (= 4.3.1)
  - RNCryptor (= 5.1.0)
  - SDWebImage (= 5.10.2)
  - SPAlert (= 2.1.1)
  - SPStorkController (= 1.8.4)
  - SSZipArchive (= 2.2.3)
  - SwiftMonkey (= 2.1.1)
  - SwiftMonkeyPaws (= 2.1.1)
  - SwiftyBeaver (= 1.9.3)
  - SwipeCellKit (= 2.7.1)
  - Valet (= 3.2.8)
  - ViewRow (= 0.8)

SPEC REPOS:
  trunk:
    - Alamofire
    - Base32
    - EFQRCode
    - Eureka
    - Haptica
    - HTMLString
    - OneTimePassword
    - Realm
    - RealmSwift
    - RNCryptor
    - SDWebImage
    - SPAlert
    - SPStorkController
    - SSZipArchive
    - SwiftMonkey
    - SwiftMonkeyPaws
    - SwiftyBeaver
    - SwipeCellKit
    - Valet
    - ViewRow

SPEC CHECKSUMS:
  Alamofire: 85e8a02c69d6020a0d734f6054870d7ecb75cf18
  Base32: 163c298644d184e89ca4e00a996bad6bf5166390
  EFQRCode: 27f7ef4382159d79d583d839cdfc596b5ac98c9f
  Eureka: 1c2b8b5892bfb0e972d0fe05f8c09fd89f8625ec
  Haptica: dc206651beeca25ab4744c633fbf0ae4d1e86baf
  HTMLString: 4abe8cbe94660b328bbe4fc014dabdf0481b16a7
  OneTimePassword: c00ecc908e67e6c5bfda9d50b0b2e4696d0b066e
  Realm: 31dc40934081ef740f60feedc46d88473cbfeb40
  RealmSwift: b5199e9a41f67b99f51acf6874a6166f5fbe93d1
  RNCryptor: a369134686cd2ad391323cc856b62e591193ba79
  SDWebImage: b969dcfc02c40a5da71eac0b03b8f1a0c794a86f
  SPAlert: 4ea95d93f3bc6b2df533559e7ff96ce378d2507e
  SPStorkController: 95926db63e1c5826f38f1c108b159a3c35c588a6
  SSZipArchive: 62d4947b08730e4cda640473b0066d209ff033c9
  SwiftMonkey: aea6f2707a4b7ab5277b4d2fd2f0723a083997b1
  SwiftMonkeyPaws: 655524bb402df5ac2be836f9f604aca1068fbde6
  SwiftyBeaver: 2e8acd6fc90c6d0a27055867a290794926d57c02
  SwipeCellKit: 3972254a826da74609926daf59b08d6c72e619ea
  Valet: 16d0537d70db79d9ba953b9060b5da4fb8004e51
  ViewRow: 8da541e9c019f3be63f4e28f311a62cac2045ecf

PODFILE CHECKSUM: cd89155be5caed67a09f5ece9c862b5d6c08804f

COCOAPODS: 1.10.1
