// !$*UTF8*$!
{
	archiveVersion = 1;
	classes = {
	};
	objectVersion = 50;
	objects = {

/* Begin PBXBuildFile section */
		27C4D6B8E3B0B1DD3729F02F /* Pods_Raivo.framework in Frameworks */ = {isa = PBXBuildFile; fileRef = 7D1B2FA3D06BC7C8DCA60308 /* Pods_Raivo.framework */; };
		700908C521FCCE5F00603AA2 /* AppDelegate.swift in Sources */ = {isa = PBXBuildFile; fileRef = 700908C421FCCE5F00603AA2 /* AppDelegate.swift */; };
		700908C721FCCE5F00603AA2 /* MainViewController.swift in Sources */ = {isa = PBXBuildFile; fileRef = 700908C621FCCE5F00603AA2 /* MainViewController.swift */; };
		700908CA21FCCE5F00603AA2 /* Main.storyboard in Resources */ = {isa = PBXBuildFile; fileRef = 700908C821FCCE5F00603AA2 /* Main.storyboard */; };
		700908CC21FCCE6100603AA2 /* Assets.xcassets in Resources */ = {isa = PBXBuildFile; fileRef = 700908CB21FCCE6100603AA2 /* Assets.xcassets */; };
		700908CF21FCCE6100603AA2 /* Splash.storyboard in Resources */ = {isa = PBXBuildFile; fileRef = 700908CD21FCCE6100603AA2 /* Splash.storyboard */; };
		700908E521FCE37B00603AA2 /* Auth.storyboard in Resources */ = {isa = PBXBuildFile; fileRef = 700908E421FCE37B00603AA2 /* Auth.storyboard */; };
		700908E721FCE38700603AA2 /* Setup.storyboard in Resources */ = {isa = PBXBuildFile; fileRef = 700908E621FCE38700603AA2 /* Setup.storyboard */; };
		700908EC21FCE7DE00603AA2 /* StateHelper.swift in Sources */ = {isa = PBXBuildFile; fileRef = 700908EB21FCE7DE00603AA2 /* StateHelper.swift */; };
		700908EE21FCEC2800603AA2 /* AuthViewController.swift in Sources */ = {isa = PBXBuildFile; fileRef = 700908ED21FCEC2800603AA2 /* AuthViewController.swift */; };
		700908F021FCEC3100603AA2 /* SetupViewController.swift in Sources */ = {isa = PBXBuildFile; fileRef = 700908EF21FCEC3100603AA2 /* SetupViewController.swift */; };
		700908F221FCFADF00603AA2 /* Password.swift in Sources */ = {isa = PBXBuildFile; fileRef = 700908F121FCFADF00603AA2 /* Password.swift */; };
		700908F421FD027400603AA2 /* TokenHelper.swift in Sources */ = {isa = PBXBuildFile; fileRef = 700908F321FD027400603AA2 /* TokenHelper.swift */; };
		700908F621FD0A0100603AA2 /* ChooseSyncerServiceViewController.swift in Sources */ = {isa = PBXBuildFile; fileRef = 700908F521FD0A0100603AA2 /* ChooseSyncerServiceViewController.swift */; };
		7016DE422265193D006C45B6 /* ColorHelper.swift in Sources */ = {isa = PBXBuildFile; fileRef = 7016DE412265193D006C45B6 /* ColorHelper.swift */; };
		70285929226205C50045DA26 /* CloudKitPasswordConverter.swift in Sources */ = {isa = PBXBuildFile; fileRef = 70285928226205C50045DA26 /* CloudKitPasswordConverter.swift */; };
		7028592C226212EA0045DA26 /* CloudKitPasswordSyncer.swift in Sources */ = {isa = PBXBuildFile; fileRef = 7028592B226212EA0045DA26 /* CloudKitPasswordSyncer.swift */; };
		702A140822635ABE00B278BB /* EncryptionHelper.swift in Sources */ = {isa = PBXBuildFile; fileRef = 702A140722635ABE00B278BB /* EncryptionHelper.swift */; };
		702A140A2263672200B278BB /* ChangePincodeViewController.swift in Sources */ = {isa = PBXBuildFile; fileRef = 702A14092263672200B278BB /* ChangePincodeViewController.swift */; };
		702BAEA82258FD1B008E5C5F /* PasswordForm.swift in Sources */ = {isa = PBXBuildFile; fileRef = 702BAEA72258FD1B008E5C5F /* PasswordForm.swift */; };
		702BAEAA2259481A008E5C5F /* TimeBasedPasswordCell.xib in Resources */ = {isa = PBXBuildFile; fileRef = 702BAEA92259481A008E5C5F /* TimeBasedPasswordCell.xib */; };
		702CA6CA2263A119000DCC1D /* MockSyncer.swift in Sources */ = {isa = PBXBuildFile; fileRef = 702CA6C92263A119000DCC1D /* MockSyncer.swift */; };
		702CA6CD2263A16D000DCC1D /* UnexpectedError.swift in Sources */ = {isa = PBXBuildFile; fileRef = 702CA6CC2263A16D000DCC1D /* UnexpectedError.swift */; };
		702CA6D12263B2CD000DCC1D /* Migration4.swift in Sources */ = {isa = PBXBuildFile; fileRef = 702CA6D02263B2CD000DCC1D /* Migration4.swift */; };
		703414C4223D8EA500D220A4 /* KeyboardConstraintControllerExtension.swift in Sources */ = {isa = PBXBuildFile; fileRef = 703414C3223D8EA500D220A4 /* KeyboardConstraintControllerExtension.swift */; };
		703B6B30227A060900409BB5 /* EnableBiometricsViewController.swift in Sources */ = {isa = PBXBuildFile; fileRef = 703B6B2F227A060900409BB5 /* EnableBiometricsViewController.swift */; };
		703B6B41227A267C00409BB5 /* fingerprint.svg in Resources */ = {isa = PBXBuildFile; fileRef = 703B6B3F227A267C00409BB5 /* fingerprint.svg */; };
		703B6B42227A267C00409BB5 /* empty.svg in Resources */ = {isa = PBXBuildFile; fileRef = 703B6B40227A267C00409BB5 /* empty.svg */; };
		703B6B44227A30AE00409BB5 /* KeyboardConstraintViewExtension.swift in Sources */ = {isa = PBXBuildFile; fileRef = 703B6B43227A30AE00409BB5 /* KeyboardConstraintViewExtension.swift */; };
		70617A592270DBD80032076A /* QueryHelper.swift in Sources */ = {isa = PBXBuildFile; fileRef = 70617A582270DBD80032076A /* QueryHelper.swift */; };
		70617A5B2270E55D0032076A /* FlushDataViewController.swift in Sources */ = {isa = PBXBuildFile; fileRef = 70617A5A2270E55D0032076A /* FlushDataViewController.swift */; };
		7066C797226A455800C1A949 /* SyncerChallenge.swift in Sources */ = {isa = PBXBuildFile; fileRef = 7066C796226A455800C1A949 /* SyncerChallenge.swift */; };
		7066C79B226A4E0F00C1A949 /* CloudKitModelSyncerProtocol.swift in Sources */ = {isa = PBXBuildFile; fileRef = 7066C79A226A4E0F00C1A949 /* CloudKitModelSyncerProtocol.swift */; };
		7066C79D226A4E2400C1A949 /* CloudKitModelConverterProtocol.swift in Sources */ = {isa = PBXBuildFile; fileRef = 7066C79C226A4E2400C1A949 /* CloudKitModelConverterProtocol.swift */; };
		7066C79F226A4FDD00C1A949 /* BaseClass.swift in Sources */ = {isa = PBXBuildFile; fileRef = 7066C79E226A4FDD00C1A949 /* BaseClass.swift */; };
		70684DED225A1BD40038BDB4 /* MyApplication.swift in Sources */ = {isa = PBXBuildFile; fileRef = 70684DEC225A1BD40038BDB4 /* MyApplication.swift */; };
		70684DEF225A1BF70038BDB4 /* main.swift in Sources */ = {isa = PBXBuildFile; fileRef = 70684DEE225A1BF70038BDB4 /* main.swift */; };
		70684DF1225A2ED90038BDB4 /* MiscForm.swift in Sources */ = {isa = PBXBuildFile; fileRef = 70684DF0225A2ED90038BDB4 /* MiscForm.swift */; };
		70684DF4225A37630038BDB4 /* MiscInactivityLockOption.swift in Sources */ = {isa = PBXBuildFile; fileRef = 70684DF3225A37630038BDB4 /* MiscInactivityLockOption.swift */; };
		707B38DD2275E57200D35897 /* TintentUIImageExtension.swift in Sources */ = {isa = PBXBuildFile; fileRef = 707B38DC2275E57200D35897 /* TintentUIImageExtension.swift */; };
		707B38DF2275EBA600D35897 /* PincodeDigitsViewBiometrics.xib in Resources */ = {isa = PBXBuildFile; fileRef = 707B38DE2275EBA600D35897 /* PincodeDigitsViewBiometrics.xib */; };
		707B38E22275F87100D35897 /* CenteredBanner.xib in Resources */ = {isa = PBXBuildFile; fileRef = 707B38E12275F87100D35897 /* CenteredBanner.xib */; };
		7088B94B22554AF50024BB87 /* CloudKit.framework in Frameworks */ = {isa = PBXBuildFile; fileRef = 7088B94A22554AF50024BB87 /* CloudKit.framework */; };
		709D90C5224AC05F0041713A /* SeedValueValidator.swift in Sources */ = {isa = PBXBuildFile; fileRef = 709D90C4224AC05F0041713A /* SeedValueValidator.swift */; };
		709D90C7224AC5FB0041713A /* LoadingUIViewExtension.swift in Sources */ = {isa = PBXBuildFile; fileRef = 709D90C6224AC5FB0041713A /* LoadingUIViewExtension.swift */; };
		70A7B10E223061D60084F15B /* PasswordsViewController.swift in Sources */ = {isa = PBXBuildFile; fileRef = 70A7B10D223061D60084F15B /* PasswordsViewController.swift */; };
		70A7B110223061E50084F15B /* ScanPasswordViewController.swift in Sources */ = {isa = PBXBuildFile; fileRef = 70A7B10F223061E50084F15B /* ScanPasswordViewController.swift */; };
		70A7B112223061EE0084F15B /* CreatePasswordViewController.swift in Sources */ = {isa = PBXBuildFile; fileRef = 70A7B111223061EE0084F15B /* CreatePasswordViewController.swift */; };
		70A7B114223061F80084F15B /* EditPasswordViewController.swift in Sources */ = {isa = PBXBuildFile; fileRef = 70A7B113223061F80084F15B /* EditPasswordViewController.swift */; };
		70A7B116223062080084F15B /* SearchViewController.swift in Sources */ = {isa = PBXBuildFile; fileRef = 70A7B115223062080084F15B /* SearchViewController.swift */; };
		70A7B118223062380084F15B /* MiscViewController.swift in Sources */ = {isa = PBXBuildFile; fileRef = 70A7B117223062380084F15B /* MiscViewController.swift */; };
		70A7B11C22306DB60084F15B /* TimeBasedPasswordCell.swift in Sources */ = {isa = PBXBuildFile; fileRef = 70A7B11B22306DB60084F15B /* TimeBasedPasswordCell.swift */; };
		70A7B12122306DF40084F15B /* PasswordsViewEmptyList.swift in Sources */ = {isa = PBXBuildFile; fileRef = 70A7B12022306DF40084F15B /* PasswordsViewEmptyList.swift */; };
		70A7B12322306DFD0084F15B /* PasswordsViewEmptySearch.swift in Sources */ = {isa = PBXBuildFile; fileRef = 70A7B12222306DFD0084F15B /* PasswordsViewEmptySearch.swift */; };
		70A7B12522306E0C0084F15B /* PasswordsViewEmptyList.xib in Resources */ = {isa = PBXBuildFile; fileRef = 70A7B12422306E0C0084F15B /* PasswordsViewEmptyList.xib */; };
		70A7B12722306E210084F15B /* PasswordsViewEmptySearch.xib in Resources */ = {isa = PBXBuildFile; fileRef = 70A7B12622306E210084F15B /* PasswordsViewEmptySearch.xib */; };
		70AE33232273B422007A12A2 /* AppHelper.swift in Sources */ = {isa = PBXBuildFile; fileRef = 70AE33222273B422007A12A2 /* AppHelper.swift */; };
		70AE33252273B73D007A12A2 /* MigrationProtocol.swift in Sources */ = {isa = PBXBuildFile; fileRef = 70AE33242273B73D007A12A2 /* MigrationProtocol.swift */; };
		70AE33272274566B007A12A2 /* MigrationHelper.swift in Sources */ = {isa = PBXBuildFile; fileRef = 70AE33262274566B007A12A2 /* MigrationHelper.swift */; };
		70AE332922748229007A12A2 /* BannerHelper.swift in Sources */ = {isa = PBXBuildFile; fileRef = 70AE332822748229007A12A2 /* BannerHelper.swift */; };
		70B143AC222AB9360015896F /* RealmHelper.swift in Sources */ = {isa = PBXBuildFile; fileRef = 70B143AB222AB9360015896F /* RealmHelper.swift */; };
		70B5585D225E74A000F83A34 /* CounterBasedPasswordCell.swift in Sources */ = {isa = PBXBuildFile; fileRef = 70B5585C225E74A000F83A34 /* CounterBasedPasswordCell.swift */; };
		70B5585F225E74AE00F83A34 /* CounterBasedPasswordCell.xib in Resources */ = {isa = PBXBuildFile; fileRef = 70B5585E225E74AE00F83A34 /* CounterBasedPasswordCell.xib */; };
		70B55862225E761800F83A34 /* PasswordCell.swift in Sources */ = {isa = PBXBuildFile; fileRef = 70B55861225E761800F83A34 /* PasswordCell.swift */; };
		70BC3EDA225663A1005C98EF /* SyncerProtocol.swift in Sources */ = {isa = PBXBuildFile; fileRef = 70BC3ED9225663A1005C98EF /* SyncerProtocol.swift */; };
		70BC3EDC22566408005C98EF /* CloudKitSyncer.swift in Sources */ = {isa = PBXBuildFile; fileRef = 70BC3EDB22566408005C98EF /* CloudKitSyncer.swift */; };
		70BC3EDE225664D7005C98EF /* SyncerHelper.swift in Sources */ = {isa = PBXBuildFile; fileRef = 70BC3EDD225664D7005C98EF /* SyncerHelper.swift */; };
		70BC3EE022567223005C98EF /* SyncerAccount.swift in Sources */ = {isa = PBXBuildFile; fileRef = 70BC3EDF22567223005C98EF /* SyncerAccount.swift */; };
		70BC3EE222567603005C98EF /* BaseSyncer.swift in Sources */ = {isa = PBXBuildFile; fileRef = 70BC3EE122567603005C98EF /* BaseSyncer.swift */; };
		70BC3EE522569881005C98EF /* OfflineSyncer.swift in Sources */ = {isa = PBXBuildFile; fileRef = 70BC3EE422569881005C98EF /* OfflineSyncer.swift */; };
		70BEE09D226B248200D5CF4B /* AuthMiscViewController.swift in Sources */ = {isa = PBXBuildFile; fileRef = 70BEE09C226B248200D5CF4B /* AuthMiscViewController.swift */; };
		70D534F622398B3A00CDD228 /* ChooseEncryptionKeyViewController.swift in Sources */ = {isa = PBXBuildFile; fileRef = 70D534F522398B3A00CDD228 /* ChooseEncryptionKeyViewController.swift */; };
		70D534F822398B8100CDD228 /* ChoosePincodeViewController.swift in Sources */ = {isa = PBXBuildFile; fileRef = 70D534F722398B8100CDD228 /* ChoosePincodeViewController.swift */; };
		70D534FA22398D5300CDD228 /* PincodeDigitsProtocol.swift in Sources */ = {isa = PBXBuildFile; fileRef = 70D534F922398D5300CDD228 /* PincodeDigitsProtocol.swift */; };
		70D7D7CD225BB0DD008DA2FD /* PatternImage.swift in Sources */ = {isa = PBXBuildFile; fileRef = 70D7D7CC225BB0DD008DA2FD /* PatternImage.swift */; };
		70D7D7CF225BBCDC008DA2FD /* StorageHelper.swift in Sources */ = {isa = PBXBuildFile; fileRef = 70D7D7CE225BBCDC008DA2FD /* StorageHelper.swift */; };
		70F46AAA22637FEB0059EFDB /* ProvidersForm.swift in Sources */ = {isa = PBXBuildFile; fileRef = 70F46AA922637FEB0059EFDB /* ProvidersForm.swift */; };
		70F8BE7D2205EAFB006FDB5A /* GenericUIViewExtension.swift in Sources */ = {isa = PBXBuildFile; fileRef = 70F8BE7C2205EAFB006FDB5A /* GenericUIViewExtension.swift */; };
		70F8BE812205F51A006FDB5A /* KeyDerivationHelper.swift in Sources */ = {isa = PBXBuildFile; fileRef = 70F8BE802205F51A006FDB5A /* KeyDerivationHelper.swift */; };
		70F8BE8322061979006FDB5A /* PincodeDigitsView.xib in Resources */ = {isa = PBXBuildFile; fileRef = 70F8BE8222061979006FDB5A /* PincodeDigitsView.xib */; };
		70F8BE85220619BF006FDB5A /* PincodeDigitsView.swift in Sources */ = {isa = PBXBuildFile; fileRef = 70F8BE84220619BF006FDB5A /* PincodeDigitsView.swift */; };
		70F8BE87220633EF006FDB5A /* UIDigitField.swift in Sources */ = {isa = PBXBuildFile; fileRef = 70F8BE86220633EF006FDB5A /* UIDigitField.swift */; };
/* End PBXBuildFile section */

/* Begin PBXFileReference section */
		1CCBEEBDD9087242BF60531F /* Pods-Raivo.debug.xcconfig */ = {isa = PBXFileReference; includeInIndex = 1; lastKnownFileType = text.xcconfig; name = "Pods-Raivo.debug.xcconfig"; path = "Pods/Target Support Files/Pods-Raivo/Pods-Raivo.debug.xcconfig"; sourceTree = "<group>"; };
		700908C121FCCE5F00603AA2 /* Raivo.app */ = {isa = PBXFileReference; explicitFileType = wrapper.application; includeInIndex = 0; path = Raivo.app; sourceTree = BUILT_PRODUCTS_DIR; };
		700908C421FCCE5F00603AA2 /* AppDelegate.swift */ = {isa = PBXFileReference; lastKnownFileType = sourcecode.swift; path = AppDelegate.swift; sourceTree = "<group>"; };
		700908C621FCCE5F00603AA2 /* MainViewController.swift */ = {isa = PBXFileReference; lastKnownFileType = sourcecode.swift; path = MainViewController.swift; sourceTree = "<group>"; };
		700908C921FCCE5F00603AA2 /* Base */ = {isa = PBXFileReference; lastKnownFileType = file.storyboard; name = Base; path = Base.lproj/Main.storyboard; sourceTree = "<group>"; };
		700908CB21FCCE6100603AA2 /* Assets.xcassets */ = {isa = PBXFileReference; lastKnownFileType = folder.assetcatalog; path = Assets.xcassets; sourceTree = "<group>"; };
		700908CE21FCCE6100603AA2 /* Base */ = {isa = PBXFileReference; lastKnownFileType = file.storyboard; name = Base; path = Base.lproj/Splash.storyboard; sourceTree = "<group>"; };
		700908D021FCCE6100603AA2 /* Info.plist */ = {isa = PBXFileReference; lastKnownFileType = text.plist.xml; path = Info.plist; sourceTree = "<group>"; };
		700908E421FCE37B00603AA2 /* Auth.storyboard */ = {isa = PBXFileReference; lastKnownFileType = file.storyboard; path = Auth.storyboard; sourceTree = "<group>"; };
		700908E621FCE38700603AA2 /* Setup.storyboard */ = {isa = PBXFileReference; lastKnownFileType = file.storyboard; path = Setup.storyboard; sourceTree = "<group>"; };
		700908EB21FCE7DE00603AA2 /* StateHelper.swift */ = {isa = PBXFileReference; lastKnownFileType = sourcecode.swift; path = StateHelper.swift; sourceTree = "<group>"; };
		700908ED21FCEC2800603AA2 /* AuthViewController.swift */ = {isa = PBXFileReference; lastKnownFileType = sourcecode.swift; path = AuthViewController.swift; sourceTree = "<group>"; };
		700908EF21FCEC3100603AA2 /* SetupViewController.swift */ = {isa = PBXFileReference; lastKnownFileType = sourcecode.swift; path = SetupViewController.swift; sourceTree = "<group>"; };
		700908F121FCFADF00603AA2 /* Password.swift */ = {isa = PBXFileReference; lastKnownFileType = sourcecode.swift; path = Password.swift; sourceTree = "<group>"; };
		700908F321FD027400603AA2 /* TokenHelper.swift */ = {isa = PBXFileReference; lastKnownFileType = sourcecode.swift; path = TokenHelper.swift; sourceTree = "<group>"; };
		700908F521FD0A0100603AA2 /* ChooseSyncerServiceViewController.swift */ = {isa = PBXFileReference; lastKnownFileType = sourcecode.swift; path = ChooseSyncerServiceViewController.swift; sourceTree = "<group>"; };
		7016DE412265193D006C45B6 /* ColorHelper.swift */ = {isa = PBXFileReference; lastKnownFileType = sourcecode.swift; path = ColorHelper.swift; sourceTree = "<group>"; };
		70285928226205C50045DA26 /* CloudKitPasswordConverter.swift */ = {isa = PBXFileReference; lastKnownFileType = sourcecode.swift; path = CloudKitPasswordConverter.swift; sourceTree = "<group>"; };
		7028592B226212EA0045DA26 /* CloudKitPasswordSyncer.swift */ = {isa = PBXFileReference; lastKnownFileType = sourcecode.swift; path = CloudKitPasswordSyncer.swift; sourceTree = "<group>"; };
		702A140722635ABE00B278BB /* EncryptionHelper.swift */ = {isa = PBXFileReference; lastKnownFileType = sourcecode.swift; path = EncryptionHelper.swift; sourceTree = "<group>"; };
		702A14092263672200B278BB /* ChangePincodeViewController.swift */ = {isa = PBXFileReference; lastKnownFileType = sourcecode.swift; path = ChangePincodeViewController.swift; sourceTree = "<group>"; };
		702BAEA72258FD1B008E5C5F /* PasswordForm.swift */ = {isa = PBXFileReference; lastKnownFileType = sourcecode.swift; path = PasswordForm.swift; sourceTree = "<group>"; };
		702BAEA92259481A008E5C5F /* TimeBasedPasswordCell.xib */ = {isa = PBXFileReference; lastKnownFileType = file.xib; path = TimeBasedPasswordCell.xib; sourceTree = "<group>"; };
		702CA6C92263A119000DCC1D /* MockSyncer.swift */ = {isa = PBXFileReference; lastKnownFileType = sourcecode.swift; path = MockSyncer.swift; sourceTree = "<group>"; };
		702CA6CC2263A16D000DCC1D /* UnexpectedError.swift */ = {isa = PBXFileReference; lastKnownFileType = sourcecode.swift; path = UnexpectedError.swift; sourceTree = "<group>"; };
		702CA6D02263B2CD000DCC1D /* Migration4.swift */ = {isa = PBXFileReference; lastKnownFileType = sourcecode.swift; path = Migration4.swift; sourceTree = "<group>"; };
		703414C3223D8EA500D220A4 /* KeyboardConstraintControllerExtension.swift */ = {isa = PBXFileReference; lastKnownFileType = sourcecode.swift; path = KeyboardConstraintControllerExtension.swift; sourceTree = "<group>"; };
		703B6B2F227A060900409BB5 /* EnableBiometricsViewController.swift */ = {isa = PBXFileReference; lastKnownFileType = sourcecode.swift; path = EnableBiometricsViewController.swift; sourceTree = "<group>"; };
		703B6B3F227A267C00409BB5 /* fingerprint.svg */ = {isa = PBXFileReference; fileEncoding = 4; lastKnownFileType = text; path = fingerprint.svg; sourceTree = "<group>"; };
		703B6B40227A267C00409BB5 /* empty.svg */ = {isa = PBXFileReference; fileEncoding = 4; lastKnownFileType = text; path = empty.svg; sourceTree = "<group>"; };
		703B6B43227A30AE00409BB5 /* KeyboardConstraintViewExtension.swift */ = {isa = PBXFileReference; lastKnownFileType = sourcecode.swift; path = KeyboardConstraintViewExtension.swift; sourceTree = "<group>"; };
		70617A582270DBD80032076A /* QueryHelper.swift */ = {isa = PBXFileReference; lastKnownFileType = sourcecode.swift; path = QueryHelper.swift; sourceTree = "<group>"; };
		70617A5A2270E55D0032076A /* FlushDataViewController.swift */ = {isa = PBXFileReference; lastKnownFileType = sourcecode.swift; path = FlushDataViewController.swift; sourceTree = "<group>"; };
		7066C796226A455800C1A949 /* SyncerChallenge.swift */ = {isa = PBXFileReference; lastKnownFileType = sourcecode.swift; path = SyncerChallenge.swift; sourceTree = "<group>"; };
		7066C79A226A4E0F00C1A949 /* CloudKitModelSyncerProtocol.swift */ = {isa = PBXFileReference; lastKnownFileType = sourcecode.swift; path = CloudKitModelSyncerProtocol.swift; sourceTree = "<group>"; };
		7066C79C226A4E2400C1A949 /* CloudKitModelConverterProtocol.swift */ = {isa = PBXFileReference; lastKnownFileType = sourcecode.swift; path = CloudKitModelConverterProtocol.swift; sourceTree = "<group>"; };
		7066C79E226A4FDD00C1A949 /* BaseClass.swift */ = {isa = PBXFileReference; lastKnownFileType = sourcecode.swift; path = BaseClass.swift; sourceTree = "<group>"; };
		70684DEC225A1BD40038BDB4 /* MyApplication.swift */ = {isa = PBXFileReference; lastKnownFileType = sourcecode.swift; path = MyApplication.swift; sourceTree = "<group>"; };
		70684DEE225A1BF70038BDB4 /* main.swift */ = {isa = PBXFileReference; lastKnownFileType = sourcecode.swift; path = main.swift; sourceTree = "<group>"; };
		70684DF0225A2ED90038BDB4 /* MiscForm.swift */ = {isa = PBXFileReference; lastKnownFileType = sourcecode.swift; path = MiscForm.swift; sourceTree = "<group>"; };
		70684DF3225A37630038BDB4 /* MiscInactivityLockOption.swift */ = {isa = PBXFileReference; lastKnownFileType = sourcecode.swift; path = MiscInactivityLockOption.swift; sourceTree = "<group>"; };
		707B38DC2275E57200D35897 /* TintentUIImageExtension.swift */ = {isa = PBXFileReference; lastKnownFileType = sourcecode.swift; path = TintentUIImageExtension.swift; sourceTree = "<group>"; };
		707B38DE2275EBA600D35897 /* PincodeDigitsViewBiometrics.xib */ = {isa = PBXFileReference; fileEncoding = 4; lastKnownFileType = file.xib; path = PincodeDigitsViewBiometrics.xib; sourceTree = "<group>"; };
		707B38E12275F87100D35897 /* CenteredBanner.xib */ = {isa = PBXFileReference; lastKnownFileType = file.xib; path = CenteredBanner.xib; sourceTree = "<group>"; };
		7088B94922554AF10024BB87 /* Raivo.entitlements */ = {isa = PBXFileReference; lastKnownFileType = text.plist.entitlements; path = Raivo.entitlements; sourceTree = "<group>"; };
		7088B94A22554AF50024BB87 /* CloudKit.framework */ = {isa = PBXFileReference; lastKnownFileType = wrapper.framework; name = CloudKit.framework; path = System/Library/Frameworks/CloudKit.framework; sourceTree = SDKROOT; };
		709D90C4224AC05F0041713A /* SeedValueValidator.swift */ = {isa = PBXFileReference; lastKnownFileType = sourcecode.swift; path = SeedValueValidator.swift; sourceTree = "<group>"; };
		709D90C6224AC5FB0041713A /* LoadingUIViewExtension.swift */ = {isa = PBXFileReference; lastKnownFileType = sourcecode.swift; path = LoadingUIViewExtension.swift; sourceTree = "<group>"; };
		70A7B10D223061D60084F15B /* PasswordsViewController.swift */ = {isa = PBXFileReference; lastKnownFileType = sourcecode.swift; path = PasswordsViewController.swift; sourceTree = "<group>"; };
		70A7B10F223061E50084F15B /* ScanPasswordViewController.swift */ = {isa = PBXFileReference; lastKnownFileType = sourcecode.swift; path = ScanPasswordViewController.swift; sourceTree = "<group>"; };
		70A7B111223061EE0084F15B /* CreatePasswordViewController.swift */ = {isa = PBXFileReference; lastKnownFileType = sourcecode.swift; path = CreatePasswordViewController.swift; sourceTree = "<group>"; };
		70A7B113223061F80084F15B /* EditPasswordViewController.swift */ = {isa = PBXFileReference; lastKnownFileType = sourcecode.swift; path = EditPasswordViewController.swift; sourceTree = "<group>"; };
		70A7B115223062080084F15B /* SearchViewController.swift */ = {isa = PBXFileReference; lastKnownFileType = sourcecode.swift; path = SearchViewController.swift; sourceTree = "<group>"; };
		70A7B117223062380084F15B /* MiscViewController.swift */ = {isa = PBXFileReference; lastKnownFileType = sourcecode.swift; path = MiscViewController.swift; sourceTree = "<group>"; };
		70A7B11B22306DB60084F15B /* TimeBasedPasswordCell.swift */ = {isa = PBXFileReference; lastKnownFileType = sourcecode.swift; path = TimeBasedPasswordCell.swift; sourceTree = "<group>"; };
		70A7B12022306DF40084F15B /* PasswordsViewEmptyList.swift */ = {isa = PBXFileReference; lastKnownFileType = sourcecode.swift; path = PasswordsViewEmptyList.swift; sourceTree = "<group>"; };
		70A7B12222306DFD0084F15B /* PasswordsViewEmptySearch.swift */ = {isa = PBXFileReference; lastKnownFileType = sourcecode.swift; path = PasswordsViewEmptySearch.swift; sourceTree = "<group>"; };
		70A7B12422306E0C0084F15B /* PasswordsViewEmptyList.xib */ = {isa = PBXFileReference; lastKnownFileType = file.xib; path = PasswordsViewEmptyList.xib; sourceTree = "<group>"; };
		70A7B12622306E210084F15B /* PasswordsViewEmptySearch.xib */ = {isa = PBXFileReference; lastKnownFileType = file.xib; path = PasswordsViewEmptySearch.xib; sourceTree = "<group>"; };
		70AE33222273B422007A12A2 /* AppHelper.swift */ = {isa = PBXFileReference; lastKnownFileType = sourcecode.swift; path = AppHelper.swift; sourceTree = "<group>"; };
		70AE33242273B73D007A12A2 /* MigrationProtocol.swift */ = {isa = PBXFileReference; lastKnownFileType = sourcecode.swift; path = MigrationProtocol.swift; sourceTree = "<group>"; };
		70AE33262274566B007A12A2 /* MigrationHelper.swift */ = {isa = PBXFileReference; lastKnownFileType = sourcecode.swift; path = MigrationHelper.swift; sourceTree = "<group>"; };
		70AE332822748229007A12A2 /* BannerHelper.swift */ = {isa = PBXFileReference; lastKnownFileType = sourcecode.swift; path = BannerHelper.swift; sourceTree = "<group>"; };
		70B143AB222AB9360015896F /* RealmHelper.swift */ = {isa = PBXFileReference; lastKnownFileType = sourcecode.swift; path = RealmHelper.swift; sourceTree = "<group>"; };
		70B5585C225E74A000F83A34 /* CounterBasedPasswordCell.swift */ = {isa = PBXFileReference; lastKnownFileType = sourcecode.swift; path = CounterBasedPasswordCell.swift; sourceTree = "<group>"; };
		70B5585E225E74AE00F83A34 /* CounterBasedPasswordCell.xib */ = {isa = PBXFileReference; lastKnownFileType = file.xib; path = CounterBasedPasswordCell.xib; sourceTree = "<group>"; };
		70B55861225E761800F83A34 /* PasswordCell.swift */ = {isa = PBXFileReference; lastKnownFileType = sourcecode.swift; path = PasswordCell.swift; sourceTree = "<group>"; };
		70BC3ED9225663A1005C98EF /* SyncerProtocol.swift */ = {isa = PBXFileReference; lastKnownFileType = sourcecode.swift; path = SyncerProtocol.swift; sourceTree = "<group>"; };
		70BC3EDB22566408005C98EF /* CloudKitSyncer.swift */ = {isa = PBXFileReference; lastKnownFileType = sourcecode.swift; path = CloudKitSyncer.swift; sourceTree = "<group>"; };
		70BC3EDD225664D7005C98EF /* SyncerHelper.swift */ = {isa = PBXFileReference; lastKnownFileType = sourcecode.swift; path = SyncerHelper.swift; sourceTree = "<group>"; };
		70BC3EDF22567223005C98EF /* SyncerAccount.swift */ = {isa = PBXFileReference; lastKnownFileType = sourcecode.swift; path = SyncerAccount.swift; sourceTree = "<group>"; };
		70BC3EE122567603005C98EF /* BaseSyncer.swift */ = {isa = PBXFileReference; lastKnownFileType = sourcecode.swift; path = BaseSyncer.swift; sourceTree = "<group>"; };
		70BC3EE422569881005C98EF /* OfflineSyncer.swift */ = {isa = PBXFileReference; lastKnownFileType = sourcecode.swift; path = OfflineSyncer.swift; sourceTree = "<group>"; };
		70BEE09C226B248200D5CF4B /* AuthMiscViewController.swift */ = {isa = PBXFileReference; lastKnownFileType = sourcecode.swift; path = AuthMiscViewController.swift; sourceTree = "<group>"; };
		70D534F522398B3A00CDD228 /* ChooseEncryptionKeyViewController.swift */ = {isa = PBXFileReference; lastKnownFileType = sourcecode.swift; path = ChooseEncryptionKeyViewController.swift; sourceTree = "<group>"; };
		70D534F722398B8100CDD228 /* ChoosePincodeViewController.swift */ = {isa = PBXFileReference; lastKnownFileType = sourcecode.swift; path = ChoosePincodeViewController.swift; sourceTree = "<group>"; };
		70D534F922398D5300CDD228 /* PincodeDigitsProtocol.swift */ = {isa = PBXFileReference; lastKnownFileType = sourcecode.swift; path = PincodeDigitsProtocol.swift; sourceTree = "<group>"; };
		70D7D7CC225BB0DD008DA2FD /* PatternImage.swift */ = {isa = PBXFileReference; lastKnownFileType = sourcecode.swift; path = PatternImage.swift; sourceTree = "<group>"; };
		70D7D7CE225BBCDC008DA2FD /* StorageHelper.swift */ = {isa = PBXFileReference; lastKnownFileType = sourcecode.swift; path = StorageHelper.swift; sourceTree = "<group>"; };
		70F46AA922637FEB0059EFDB /* ProvidersForm.swift */ = {isa = PBXFileReference; lastKnownFileType = sourcecode.swift; path = ProvidersForm.swift; sourceTree = "<group>"; };
		70F8BE7C2205EAFB006FDB5A /* GenericUIViewExtension.swift */ = {isa = PBXFileReference; lastKnownFileType = sourcecode.swift; path = GenericUIViewExtension.swift; sourceTree = "<group>"; };
		70F8BE802205F51A006FDB5A /* KeyDerivationHelper.swift */ = {isa = PBXFileReference; lastKnownFileType = sourcecode.swift; path = KeyDerivationHelper.swift; sourceTree = "<group>"; };
		70F8BE8222061979006FDB5A /* PincodeDigitsView.xib */ = {isa = PBXFileReference; lastKnownFileType = file.xib; path = PincodeDigitsView.xib; sourceTree = "<group>"; };
		70F8BE84220619BF006FDB5A /* PincodeDigitsView.swift */ = {isa = PBXFileReference; lastKnownFileType = sourcecode.swift; path = PincodeDigitsView.swift; sourceTree = "<group>"; };
		70F8BE86220633EF006FDB5A /* UIDigitField.swift */ = {isa = PBXFileReference; lastKnownFileType = sourcecode.swift; path = UIDigitField.swift; sourceTree = "<group>"; };
		7C15382D1377197EFF103762 /* Pods-Raivo.release.xcconfig */ = {isa = PBXFileReference; includeInIndex = 1; lastKnownFileType = text.xcconfig; name = "Pods-Raivo.release.xcconfig"; path = "Pods/Target Support Files/Pods-Raivo/Pods-Raivo.release.xcconfig"; sourceTree = "<group>"; };
		7D1B2FA3D06BC7C8DCA60308 /* Pods_Raivo.framework */ = {isa = PBXFileReference; explicitFileType = wrapper.framework; includeInIndex = 0; path = Pods_Raivo.framework; sourceTree = BUILT_PRODUCTS_DIR; };
/* End PBXFileReference section */

/* Begin PBXFrameworksBuildPhase section */
		700908BE21FCCE5F00603AA2 /* Frameworks */ = {
			isa = PBXFrameworksBuildPhase;
			buildActionMask = 2147483647;
			files = (
				27C4D6B8E3B0B1DD3729F02F /* Pods_Raivo.framework in Frameworks */,
				7088B94B22554AF50024BB87 /* CloudKit.framework in Frameworks */,
			);
			runOnlyForDeploymentPostprocessing = 0;
		};
/* End PBXFrameworksBuildPhase section */

/* Begin PBXGroup section */
		700908B821FCCE5F00603AA2 = {
			isa = PBXGroup;
			children = (
				700908C321FCCE5F00603AA2 /* Raivo */,
				700908C221FCCE5F00603AA2 /* Products */,
				8889524049857A298B4406FB /* Pods */,
				8803730FEA035491C97F262B /* Frameworks */,
			);
			sourceTree = "<group>";
		};
		700908C221FCCE5F00603AA2 /* Products */ = {
			isa = PBXGroup;
			children = (
				700908C121FCCE5F00603AA2 /* Raivo.app */,
			);
			name = Products;
			sourceTree = "<group>";
		};
		700908C321FCCE5F00603AA2 /* Raivo */ = {
			isa = PBXGroup;
			children = (
				7088B94922554AF10024BB87 /* Raivo.entitlements */,
				702CA6CB2263A160000DCC1D /* Errors */,
				70BC3ED722566379005C98EF /* Syncers */,
				700908EA21FCE7D200603AA2 /* Helpers */,
				700908E321FCE34800603AA2 /* Supporting */,
				700908E221FCE30D00603AA2 /* Models */,
				700908E121FCE30500603AA2 /* Extensions */,
				700908DF21FCE2FA00603AA2 /* Forms */,
				700908DE21FCE2F400603AA2 /* Validators */,
				700908DD21FCE2B600603AA2 /* Storyboards */,
				700908D921FCE27000603AA2 /* Views */,
				700908D821FCE26900603AA2 /* Controllers */,
				700908D721FCE25D00603AA2 /* Migrations */,
				700908C421FCCE5F00603AA2 /* AppDelegate.swift */,
				7066C79E226A4FDD00C1A949 /* BaseClass.swift */,
				70684DEC225A1BD40038BDB4 /* MyApplication.swift */,
				70684DEE225A1BF70038BDB4 /* main.swift */,
			);
			path = Raivo;
			sourceTree = "<group>";
		};
		700908D721FCE25D00603AA2 /* Migrations */ = {
			isa = PBXGroup;
			children = (
				702CA6D02263B2CD000DCC1D /* Migration4.swift */,
				70AE33242273B73D007A12A2 /* MigrationProtocol.swift */,
			);
			path = Migrations;
			sourceTree = "<group>";
		};
		700908D821FCE26900603AA2 /* Controllers */ = {
			isa = PBXGroup;
			children = (
				700908DC21FCE2A900603AA2 /* Main */,
				700908DB21FCE2A400603AA2 /* Auth */,
				700908DA21FCE29F00603AA2 /* Setup */,
			);
			path = Controllers;
			sourceTree = "<group>";
		};
		700908D921FCE27000603AA2 /* Views */ = {
			isa = PBXGroup;
			children = (
				707B38E02275F85C00D35897 /* Banners */,
				70B55860225E760A00F83A34 /* PasswordCell */,
				70D7D7CB225BB0CF008DA2FD /* PatternImage */,
				70A7B11F22306DDE0084F15B /* PasswordsView */,
				70A7B11922306D850084F15B /* PincodeDigits */,
			);
			path = Views;
			sourceTree = "<group>";
		};
		700908DA21FCE29F00603AA2 /* Setup */ = {
			isa = PBXGroup;
			children = (
				700908EF21FCEC3100603AA2 /* SetupViewController.swift */,
				700908F521FD0A0100603AA2 /* ChooseSyncerServiceViewController.swift */,
				70D534F522398B3A00CDD228 /* ChooseEncryptionKeyViewController.swift */,
				70D534F722398B8100CDD228 /* ChoosePincodeViewController.swift */,
				70617A5A2270E55D0032076A /* FlushDataViewController.swift */,
				703B6B2F227A060900409BB5 /* EnableBiometricsViewController.swift */,
			);
			path = Setup;
			sourceTree = "<group>";
		};
		700908DB21FCE2A400603AA2 /* Auth */ = {
			isa = PBXGroup;
			children = (
				700908ED21FCEC2800603AA2 /* AuthViewController.swift */,
				70BEE09C226B248200D5CF4B /* AuthMiscViewController.swift */,
			);
			path = Auth;
			sourceTree = "<group>";
		};
		700908DC21FCE2A900603AA2 /* Main */ = {
			isa = PBXGroup;
			children = (
				700908C621FCCE5F00603AA2 /* MainViewController.swift */,
				70A7B10D223061D60084F15B /* PasswordsViewController.swift */,
				70A7B10F223061E50084F15B /* ScanPasswordViewController.swift */,
				70A7B111223061EE0084F15B /* CreatePasswordViewController.swift */,
				70A7B113223061F80084F15B /* EditPasswordViewController.swift */,
				70A7B115223062080084F15B /* SearchViewController.swift */,
				70A7B117223062380084F15B /* MiscViewController.swift */,
				702A14092263672200B278BB /* ChangePincodeViewController.swift */,
			);
			path = Main;
			sourceTree = "<group>";
		};
		700908DD21FCE2B600603AA2 /* Storyboards */ = {
			isa = PBXGroup;
			children = (
				700908C821FCCE5F00603AA2 /* Main.storyboard */,
				700908CD21FCCE6100603AA2 /* Splash.storyboard */,
				700908E421FCE37B00603AA2 /* Auth.storyboard */,
				700908E621FCE38700603AA2 /* Setup.storyboard */,
			);
			path = Storyboards;
			sourceTree = "<group>";
		};
		700908DE21FCE2F400603AA2 /* Validators */ = {
			isa = PBXGroup;
			children = (
				709D90C4224AC05F0041713A /* SeedValueValidator.swift */,
			);
			path = Validators;
			sourceTree = "<group>";
		};
		700908DF21FCE2FA00603AA2 /* Forms */ = {
			isa = PBXGroup;
			children = (
				70684DF2225A37530038BDB4 /* Options */,
				702BAEA72258FD1B008E5C5F /* PasswordForm.swift */,
				70684DF0225A2ED90038BDB4 /* MiscForm.swift */,
				70F46AA922637FEB0059EFDB /* ProvidersForm.swift */,
			);
			path = Forms;
			sourceTree = "<group>";
		};
		700908E121FCE30500603AA2 /* Extensions */ = {
			isa = PBXGroup;
			children = (
				70F8BE7C2205EAFB006FDB5A /* GenericUIViewExtension.swift */,
				703414C3223D8EA500D220A4 /* KeyboardConstraintControllerExtension.swift */,
				709D90C6224AC5FB0041713A /* LoadingUIViewExtension.swift */,
				707B38DC2275E57200D35897 /* TintentUIImageExtension.swift */,
				703B6B43227A30AE00409BB5 /* KeyboardConstraintViewExtension.swift */,
			);
			path = Extensions;
			sourceTree = "<group>";
		};
		700908E221FCE30D00603AA2 /* Models */ = {
			isa = PBXGroup;
			children = (
				700908F121FCFADF00603AA2 /* Password.swift */,
			);
			path = Models;
			sourceTree = "<group>";
		};
		700908E321FCE34800603AA2 /* Supporting */ = {
			isa = PBXGroup;
			children = (
				703B6B33227A177D00409BB5 /* Vectors */,
				700908CB21FCCE6100603AA2 /* Assets.xcassets */,
				700908D021FCCE6100603AA2 /* Info.plist */,
			);
			path = Supporting;
			sourceTree = "<group>";
		};
		700908EA21FCE7D200603AA2 /* Helpers */ = {
			isa = PBXGroup;
			children = (
				700908EB21FCE7DE00603AA2 /* StateHelper.swift */,
				700908F321FD027400603AA2 /* TokenHelper.swift */,
				70F8BE802205F51A006FDB5A /* KeyDerivationHelper.swift */,
				70B143AB222AB9360015896F /* RealmHelper.swift */,
				70BC3EDD225664D7005C98EF /* SyncerHelper.swift */,
				70D7D7CE225BBCDC008DA2FD /* StorageHelper.swift */,
				702A140722635ABE00B278BB /* EncryptionHelper.swift */,
				7016DE412265193D006C45B6 /* ColorHelper.swift */,
				70617A582270DBD80032076A /* QueryHelper.swift */,
				70AE33222273B422007A12A2 /* AppHelper.swift */,
				70AE33262274566B007A12A2 /* MigrationHelper.swift */,
				70AE332822748229007A12A2 /* BannerHelper.swift */,
			);
			path = Helpers;
			sourceTree = "<group>";
		};
		70285927226205A50045DA26 /* ModelConverters */ = {
			isa = PBXGroup;
			children = (
				70285928226205C50045DA26 /* CloudKitPasswordConverter.swift */,
			);
			path = ModelConverters;
			sourceTree = "<group>";
		};
		7028592A226212DA0045DA26 /* ModelSyncers */ = {
			isa = PBXGroup;
			children = (
				7028592B226212EA0045DA26 /* CloudKitPasswordSyncer.swift */,
			);
			path = ModelSyncers;
			sourceTree = "<group>";
		};
		702CA6C82263A109000DCC1D /* Mock */ = {
			isa = PBXGroup;
			children = (
				702CA6C92263A119000DCC1D /* MockSyncer.swift */,
			);
			path = Mock;
			sourceTree = "<group>";
		};
		702CA6CB2263A160000DCC1D /* Errors */ = {
			isa = PBXGroup;
			children = (
				702CA6CC2263A16D000DCC1D /* UnexpectedError.swift */,
			);
			path = Errors;
			sourceTree = "<group>";
		};
		703B6B33227A177D00409BB5 /* Vectors */ = {
			isa = PBXGroup;
			children = (
				703B6B40227A267C00409BB5 /* empty.svg */,
				703B6B3F227A267C00409BB5 /* fingerprint.svg */,
			);
			path = Vectors;
			sourceTree = "<group>";
		};
		70684DF2225A37530038BDB4 /* Options */ = {
			isa = PBXGroup;
			children = (
				70684DF3225A37630038BDB4 /* MiscInactivityLockOption.swift */,
			);
			path = Options;
			sourceTree = "<group>";
		};
		707B38E02275F85C00D35897 /* Banners */ = {
			isa = PBXGroup;
			children = (
				707B38E12275F87100D35897 /* CenteredBanner.xib */,
			);
			path = Banners;
			sourceTree = "<group>";
		};
		70A7B11922306D850084F15B /* PincodeDigits */ = {
			isa = PBXGroup;
			children = (
				707B38DE2275EBA600D35897 /* PincodeDigitsViewBiometrics.xib */,
				70F8BE8222061979006FDB5A /* PincodeDigitsView.xib */,
				70F8BE84220619BF006FDB5A /* PincodeDigitsView.swift */,
				70F8BE86220633EF006FDB5A /* UIDigitField.swift */,
				70D534F922398D5300CDD228 /* PincodeDigitsProtocol.swift */,
			);
			path = PincodeDigits;
			sourceTree = "<group>";
		};
		70A7B11A22306D950084F15B /* TimeBasedPasswordCell */ = {
			isa = PBXGroup;
			children = (
				70A7B11B22306DB60084F15B /* TimeBasedPasswordCell.swift */,
				702BAEA92259481A008E5C5F /* TimeBasedPasswordCell.xib */,
			);
			path = TimeBasedPasswordCell;
			sourceTree = "<group>";
		};
		70A7B11F22306DDE0084F15B /* PasswordsView */ = {
			isa = PBXGroup;
			children = (
				70A7B12022306DF40084F15B /* PasswordsViewEmptyList.swift */,
				70A7B12422306E0C0084F15B /* PasswordsViewEmptyList.xib */,
				70A7B12222306DFD0084F15B /* PasswordsViewEmptySearch.swift */,
				70A7B12622306E210084F15B /* PasswordsViewEmptySearch.xib */,
			);
			path = PasswordsView;
			sourceTree = "<group>";
		};
		70B5585B225E749000F83A34 /* CounterBasedPasswordCell */ = {
			isa = PBXGroup;
			children = (
				70B5585C225E74A000F83A34 /* CounterBasedPasswordCell.swift */,
				70B5585E225E74AE00F83A34 /* CounterBasedPasswordCell.xib */,
			);
			path = CounterBasedPasswordCell;
			sourceTree = "<group>";
		};
		70B55860225E760A00F83A34 /* PasswordCell */ = {
			isa = PBXGroup;
			children = (
				70B5585B225E749000F83A34 /* CounterBasedPasswordCell */,
				70A7B11A22306D950084F15B /* TimeBasedPasswordCell */,
				70B55861225E761800F83A34 /* PasswordCell.swift */,
			);
			path = PasswordCell;
			sourceTree = "<group>";
		};
		70BC3ED722566379005C98EF /* Syncers */ = {
			isa = PBXGroup;
			children = (
				702CA6C82263A109000DCC1D /* Mock */,
				70BC3EE322569866005C98EF /* Offline */,
				70BC3ED822566387005C98EF /* CloudKit */,
				70BC3ED9225663A1005C98EF /* SyncerProtocol.swift */,
				70BC3EDF22567223005C98EF /* SyncerAccount.swift */,
				7066C796226A455800C1A949 /* SyncerChallenge.swift */,
				70BC3EE122567603005C98EF /* BaseSyncer.swift */,
			);
			path = Syncers;
			sourceTree = "<group>";
		};
		70BC3ED822566387005C98EF /* CloudKit */ = {
			isa = PBXGroup;
			children = (
				7028592A226212DA0045DA26 /* ModelSyncers */,
				70285927226205A50045DA26 /* ModelConverters */,
				70BC3EDB22566408005C98EF /* CloudKitSyncer.swift */,
				7066C79A226A4E0F00C1A949 /* CloudKitModelSyncerProtocol.swift */,
				7066C79C226A4E2400C1A949 /* CloudKitModelConverterProtocol.swift */,
			);
			path = CloudKit;
			sourceTree = "<group>";
		};
		70BC3EE322569866005C98EF /* Offline */ = {
			isa = PBXGroup;
			children = (
				70BC3EE422569881005C98EF /* OfflineSyncer.swift */,
			);
			path = Offline;
			sourceTree = "<group>";
		};
		70D7D7CB225BB0CF008DA2FD /* PatternImage */ = {
			isa = PBXGroup;
			children = (
				70D7D7CC225BB0DD008DA2FD /* PatternImage.swift */,
			);
			path = PatternImage;
			sourceTree = "<group>";
		};
		8803730FEA035491C97F262B /* Frameworks */ = {
			isa = PBXGroup;
			children = (
				7088B94A22554AF50024BB87 /* CloudKit.framework */,
				7D1B2FA3D06BC7C8DCA60308 /* Pods_Raivo.framework */,
			);
			name = Frameworks;
			sourceTree = "<group>";
		};
		8889524049857A298B4406FB /* Pods */ = {
			isa = PBXGroup;
			children = (
				1CCBEEBDD9087242BF60531F /* Pods-Raivo.debug.xcconfig */,
				7C15382D1377197EFF103762 /* Pods-Raivo.release.xcconfig */,
			);
			name = Pods;
			sourceTree = "<group>";
		};
/* End PBXGroup section */

/* Begin PBXNativeTarget section */
		700908C021FCCE5F00603AA2 /* Raivo */ = {
			isa = PBXNativeTarget;
			buildConfigurationList = 700908D321FCCE6100603AA2 /* Build configuration list for PBXNativeTarget "Raivo" */;
			buildPhases = (
				5A4400C43DF28B35D362DF20 /* [CP] Check Pods Manifest.lock */,
				700908BD21FCCE5F00603AA2 /* Sources */,
				700908BE21FCCE5F00603AA2 /* Frameworks */,
				700908BF21FCCE5F00603AA2 /* Resources */,
				41BEA9B6DC7E014DA4383CDA /* [CP] Embed Pods Frameworks */,
			);
			buildRules = (
			);
			dependencies = (
			);
			name = Raivo;
			productName = Raivo;
			productReference = 700908C121FCCE5F00603AA2 /* Raivo.app */;
			productType = "com.apple.product-type.application";
		};
/* End PBXNativeTarget section */

/* Begin PBXProject section */
		700908B921FCCE5F00603AA2 /* Project object */ = {
			isa = PBXProject;
			attributes = {
				LastSwiftUpdateCheck = 1010;
				LastUpgradeCheck = 1010;
				ORGANIZATIONNAME = "Tijme Gommers";
				TargetAttributes = {
					700908C021FCCE5F00603AA2 = {
						CreatedOnToolsVersion = 10.1;
						SystemCapabilities = {
							com.apple.BackgroundModes = {
								enabled = 1;
							};
							com.apple.Push = {
								enabled = 1;
							};
							com.apple.iCloud = {
								enabled = 1;
							};
						};
					};
				};
			};
			buildConfigurationList = 700908BC21FCCE5F00603AA2 /* Build configuration list for PBXProject "Raivo" */;
			compatibilityVersion = "Xcode 9.3";
			developmentRegion = en;
			hasScannedForEncodings = 0;
			knownRegions = (
				en,
				Base,
			);
			mainGroup = 700908B821FCCE5F00603AA2;
			productRefGroup = 700908C221FCCE5F00603AA2 /* Products */;
			projectDirPath = "";
			projectRoot = "";
			targets = (
				700908C021FCCE5F00603AA2 /* Raivo */,
			);
		};
/* End PBXProject section */

/* Begin PBXResourcesBuildPhase section */
		700908BF21FCCE5F00603AA2 /* Resources */ = {
			isa = PBXResourcesBuildPhase;
			buildActionMask = 2147483647;
			files = (
				700908E721FCE38700603AA2 /* Setup.storyboard in Resources */,
				702BAEAA2259481A008E5C5F /* TimeBasedPasswordCell.xib in Resources */,
				707B38DF2275EBA600D35897 /* PincodeDigitsViewBiometrics.xib in Resources */,
				700908E521FCE37B00603AA2 /* Auth.storyboard in Resources */,
				703B6B41227A267C00409BB5 /* fingerprint.svg in Resources */,
				700908CF21FCCE6100603AA2 /* Splash.storyboard in Resources */,
				70F8BE8322061979006FDB5A /* PincodeDigitsView.xib in Resources */,
				700908CC21FCCE6100603AA2 /* Assets.xcassets in Resources */,
				700908CA21FCCE5F00603AA2 /* Main.storyboard in Resources */,
				70A7B12722306E210084F15B /* PasswordsViewEmptySearch.xib in Resources */,
				703B6B42227A267C00409BB5 /* empty.svg in Resources */,
				70A7B12522306E0C0084F15B /* PasswordsViewEmptyList.xib in Resources */,
				70B5585F225E74AE00F83A34 /* CounterBasedPasswordCell.xib in Resources */,
				707B38E22275F87100D35897 /* CenteredBanner.xib in Resources */,
			);
			runOnlyForDeploymentPostprocessing = 0;
		};
/* End PBXResourcesBuildPhase section */

/* Begin PBXShellScriptBuildPhase section */
		41BEA9B6DC7E014DA4383CDA /* [CP] Embed Pods Frameworks */ = {
			isa = PBXShellScriptBuildPhase;
			buildActionMask = 2147483647;
			files = (
			);
			inputFileListPaths = (
			);
			inputPaths = (
				"${SRCROOT}/Pods/Target Support Files/Pods-Raivo/Pods-Raivo-frameworks.sh",
				"${BUILT_PRODUCTS_DIR}/Base32/Base32.framework",
				"${BUILT_PRODUCTS_DIR}/CocoaLumberjack/CocoaLumberjack.framework",
				"${BUILT_PRODUCTS_DIR}/Eureka/Eureka.framework",
				"${BUILT_PRODUCTS_DIR}/Haptica/Haptica.framework",
				"${BUILT_PRODUCTS_DIR}/KeychainSwift/KeychainSwift.framework",
				"${BUILT_PRODUCTS_DIR}/OneTimePassword/OneTimePassword.framework",
				"${BUILT_PRODUCTS_DIR}/RNCryptor/RNCryptor.framework",
				"${BUILT_PRODUCTS_DIR}/Realm/Realm.framework",
				"${BUILT_PRODUCTS_DIR}/RealmSwift/RealmSwift.framework",
				"${BUILT_PRODUCTS_DIR}/SDWebImage/SDWebImage.framework",
				"${BUILT_PRODUCTS_DIR}/SVGKit/SVGKit.framework",
				"${BUILT_PRODUCTS_DIR}/SimpleCheckbox/SimpleCheckbox.framework",
				"${BUILT_PRODUCTS_DIR}/Spring/Spring.framework",
				"${BUILT_PRODUCTS_DIR}/SwiftMessages/SwiftMessages.framework",
				"${BUILT_PRODUCTS_DIR}/SwiftyBeaver/SwiftyBeaver.framework",
				"${BUILT_PRODUCTS_DIR}/Valet/Valet.framework",
			);
			name = "[CP] Embed Pods Frameworks";
			outputFileListPaths = (
			);
			outputPaths = (
				"${TARGET_BUILD_DIR}/${FRAMEWORKS_FOLDER_PATH}/Base32.framework",
				"${TARGET_BUILD_DIR}/${FRAMEWORKS_FOLDER_PATH}/CocoaLumberjack.framework",
				"${TARGET_BUILD_DIR}/${FRAMEWORKS_FOLDER_PATH}/Eureka.framework",
				"${TARGET_BUILD_DIR}/${FRAMEWORKS_FOLDER_PATH}/Haptica.framework",
				"${TARGET_BUILD_DIR}/${FRAMEWORKS_FOLDER_PATH}/KeychainSwift.framework",
				"${TARGET_BUILD_DIR}/${FRAMEWORKS_FOLDER_PATH}/OneTimePassword.framework",
				"${TARGET_BUILD_DIR}/${FRAMEWORKS_FOLDER_PATH}/RNCryptor.framework",
				"${TARGET_BUILD_DIR}/${FRAMEWORKS_FOLDER_PATH}/Realm.framework",
				"${TARGET_BUILD_DIR}/${FRAMEWORKS_FOLDER_PATH}/RealmSwift.framework",
				"${TARGET_BUILD_DIR}/${FRAMEWORKS_FOLDER_PATH}/SDWebImage.framework",
				"${TARGET_BUILD_DIR}/${FRAMEWORKS_FOLDER_PATH}/SVGKit.framework",
				"${TARGET_BUILD_DIR}/${FRAMEWORKS_FOLDER_PATH}/SimpleCheckbox.framework",
				"${TARGET_BUILD_DIR}/${FRAMEWORKS_FOLDER_PATH}/Spring.framework",
				"${TARGET_BUILD_DIR}/${FRAMEWORKS_FOLDER_PATH}/SwiftMessages.framework",
				"${TARGET_BUILD_DIR}/${FRAMEWORKS_FOLDER_PATH}/SwiftyBeaver.framework",
				"${TARGET_BUILD_DIR}/${FRAMEWORKS_FOLDER_PATH}/Valet.framework",
			);
			runOnlyForDeploymentPostprocessing = 0;
			shellPath = /bin/sh;
			shellScript = "\"${SRCROOT}/Pods/Target Support Files/Pods-Raivo/Pods-Raivo-frameworks.sh\"\n";
			showEnvVarsInLog = 0;
		};
		5A4400C43DF28B35D362DF20 /* [CP] Check Pods Manifest.lock */ = {
			isa = PBXShellScriptBuildPhase;
			buildActionMask = 2147483647;
			files = (
			);
			inputFileListPaths = (
			);
			inputPaths = (
				"${PODS_PODFILE_DIR_PATH}/Podfile.lock",
				"${PODS_ROOT}/Manifest.lock",
			);
			name = "[CP] Check Pods Manifest.lock";
			outputFileListPaths = (
			);
			outputPaths = (
				"$(DERIVED_FILE_DIR)/Pods-Raivo-checkManifestLockResult.txt",
			);
			runOnlyForDeploymentPostprocessing = 0;
			shellPath = /bin/sh;
			shellScript = "diff \"${PODS_PODFILE_DIR_PATH}/Podfile.lock\" \"${PODS_ROOT}/Manifest.lock\" > /dev/null\nif [ $? != 0 ] ; then\n    # print error to STDERR\n    echo \"error: The sandbox is not in sync with the Podfile.lock. Run 'pod install' or update your CocoaPods installation.\" >&2\n    exit 1\nfi\n# This output is used by Xcode 'outputs' to avoid re-running this script phase.\necho \"SUCCESS\" > \"${SCRIPT_OUTPUT_FILE_0}\"\n";
			showEnvVarsInLog = 0;
		};
/* End PBXShellScriptBuildPhase section */

/* Begin PBXSourcesBuildPhase section */
		700908BD21FCCE5F00603AA2 /* Sources */ = {
			isa = PBXSourcesBuildPhase;
			buildActionMask = 2147483647;
			files = (
				7066C79B226A4E0F00C1A949 /* CloudKitModelSyncerProtocol.swift in Sources */,
				70F46AAA22637FEB0059EFDB /* ProvidersForm.swift in Sources */,
				700908F221FCFADF00603AA2 /* Password.swift in Sources */,
				7028592C226212EA0045DA26 /* CloudKitPasswordSyncer.swift in Sources */,
				702CA6D12263B2CD000DCC1D /* Migration4.swift in Sources */,
				700908EE21FCEC2800603AA2 /* AuthViewController.swift in Sources */,
				70D534F822398B8100CDD228 /* ChoosePincodeViewController.swift in Sources */,
				700908C721FCCE5F00603AA2 /* MainViewController.swift in Sources */,
				702BAEA82258FD1B008E5C5F /* PasswordForm.swift in Sources */,
				70AE33252273B73D007A12A2 /* MigrationProtocol.swift in Sources */,
				70BC3EE222567603005C98EF /* BaseSyncer.swift in Sources */,
				70D7D7CD225BB0DD008DA2FD /* PatternImage.swift in Sources */,
				70BEE09D226B248200D5CF4B /* AuthMiscViewController.swift in Sources */,
				70617A592270DBD80032076A /* QueryHelper.swift in Sources */,
				7066C79F226A4FDD00C1A949 /* BaseClass.swift in Sources */,
				702A140822635ABE00B278BB /* EncryptionHelper.swift in Sources */,
				70684DEF225A1BF70038BDB4 /* main.swift in Sources */,
				70BC3EDC22566408005C98EF /* CloudKitSyncer.swift in Sources */,
				70684DF4225A37630038BDB4 /* MiscInactivityLockOption.swift in Sources */,
				709D90C5224AC05F0041713A /* SeedValueValidator.swift in Sources */,
				70F8BE85220619BF006FDB5A /* PincodeDigitsView.swift in Sources */,
				70AE332922748229007A12A2 /* BannerHelper.swift in Sources */,
				70A7B11C22306DB60084F15B /* TimeBasedPasswordCell.swift in Sources */,
				70BC3EE522569881005C98EF /* OfflineSyncer.swift in Sources */,
				70BC3EDA225663A1005C98EF /* SyncerProtocol.swift in Sources */,
				702CA6CA2263A119000DCC1D /* MockSyncer.swift in Sources */,
				700908EC21FCE7DE00603AA2 /* StateHelper.swift in Sources */,
				70B55862225E761800F83A34 /* PasswordCell.swift in Sources */,
				707B38DD2275E57200D35897 /* TintentUIImageExtension.swift in Sources */,
				70F8BE812205F51A006FDB5A /* KeyDerivationHelper.swift in Sources */,
				70285929226205C50045DA26 /* CloudKitPasswordConverter.swift in Sources */,
				703B6B44227A30AE00409BB5 /* KeyboardConstraintViewExtension.swift in Sources */,
				7066C79D226A4E2400C1A949 /* CloudKitModelConverterProtocol.swift in Sources */,
				70A7B12322306DFD0084F15B /* PasswordsViewEmptySearch.swift in Sources */,
				700908F421FD027400603AA2 /* TokenHelper.swift in Sources */,
				70AE33272274566B007A12A2 /* MigrationHelper.swift in Sources */,
				70617A5B2270E55D0032076A /* FlushDataViewController.swift in Sources */,
				700908C521FCCE5F00603AA2 /* AppDelegate.swift in Sources */,
				7066C797226A455800C1A949 /* SyncerChallenge.swift in Sources */,
				70A7B118223062380084F15B /* MiscViewController.swift in Sources */,
				70BC3EE022567223005C98EF /* SyncerAccount.swift in Sources */,
				70F8BE87220633EF006FDB5A /* UIDigitField.swift in Sources */,
				70B5585D225E74A000F83A34 /* CounterBasedPasswordCell.swift in Sources */,
				70684DF1225A2ED90038BDB4 /* MiscForm.swift in Sources */,
				700908F021FCEC3100603AA2 /* SetupViewController.swift in Sources */,
				70684DED225A1BD40038BDB4 /* MyApplication.swift in Sources */,
				702A140A2263672200B278BB /* ChangePincodeViewController.swift in Sources */,
				7016DE422265193D006C45B6 /* ColorHelper.swift in Sources */,
				70F8BE7D2205EAFB006FDB5A /* GenericUIViewExtension.swift in Sources */,
				703414C4223D8EA500D220A4 /* KeyboardConstraintControllerExtension.swift in Sources */,
				70D534F622398B3A00CDD228 /* ChooseEncryptionKeyViewController.swift in Sources */,
				70A7B110223061E50084F15B /* ScanPasswordViewController.swift in Sources */,
				703B6B30227A060900409BB5 /* EnableBiometricsViewController.swift in Sources */,
				702CA6CD2263A16D000DCC1D /* UnexpectedError.swift in Sources */,
				70A7B116223062080084F15B /* SearchViewController.swift in Sources */,
				70A7B114223061F80084F15B /* EditPasswordViewController.swift in Sources */,
				70A7B10E223061D60084F15B /* PasswordsViewController.swift in Sources */,
				70BC3EDE225664D7005C98EF /* SyncerHelper.swift in Sources */,
				700908F621FD0A0100603AA2 /* ChooseSyncerServiceViewController.swift in Sources */,
				70D7D7CF225BBCDC008DA2FD /* StorageHelper.swift in Sources */,
				70B143AC222AB9360015896F /* RealmHelper.swift in Sources */,
				70AE33232273B422007A12A2 /* AppHelper.swift in Sources */,
				70D534FA22398D5300CDD228 /* PincodeDigitsProtocol.swift in Sources */,
				70A7B112223061EE0084F15B /* CreatePasswordViewController.swift in Sources */,
				70A7B12122306DF40084F15B /* PasswordsViewEmptyList.swift in Sources */,
				709D90C7224AC5FB0041713A /* LoadingUIViewExtension.swift in Sources */,
			);
			runOnlyForDeploymentPostprocessing = 0;
		};
/* End PBXSourcesBuildPhase section */

/* Begin PBXVariantGroup section */
		700908C821FCCE5F00603AA2 /* Main.storyboard */ = {
			isa = PBXVariantGroup;
			children = (
				700908C921FCCE5F00603AA2 /* Base */,
			);
			name = Main.storyboard;
			sourceTree = "<group>";
		};
		700908CD21FCCE6100603AA2 /* Splash.storyboard */ = {
			isa = PBXVariantGroup;
			children = (
				700908CE21FCCE6100603AA2 /* Base */,
			);
			name = Splash.storyboard;
			sourceTree = "<group>";
		};
/* End PBXVariantGroup section */

/* Begin XCBuildConfiguration section */
		700908D121FCCE6100603AA2 /* Debug */ = {
			isa = XCBuildConfiguration;
			buildSettings = {
				ALWAYS_SEARCH_USER_PATHS = NO;
				CLANG_ANALYZER_NONNULL = YES;
				CLANG_ANALYZER_NUMBER_OBJECT_CONVERSION = YES_AGGRESSIVE;
				CLANG_CXX_LANGUAGE_STANDARD = "gnu++14";
				CLANG_CXX_LIBRARY = "libc++";
				CLANG_ENABLE_MODULES = YES;
				CLANG_ENABLE_OBJC_ARC = YES;
				CLANG_ENABLE_OBJC_WEAK = YES;
				CLANG_WARN_BLOCK_CAPTURE_AUTORELEASING = YES;
				CLANG_WARN_BOOL_CONVERSION = YES;
				CLANG_WARN_COMMA = YES;
				CLANG_WARN_CONSTANT_CONVERSION = YES;
				CLANG_WARN_DEPRECATED_OBJC_IMPLEMENTATIONS = YES;
				CLANG_WARN_DIRECT_OBJC_ISA_USAGE = YES_ERROR;
				CLANG_WARN_DOCUMENTATION_COMMENTS = YES;
				CLANG_WARN_EMPTY_BODY = YES;
				CLANG_WARN_ENUM_CONVERSION = YES;
				CLANG_WARN_INFINITE_RECURSION = YES;
				CLANG_WARN_INT_CONVERSION = YES;
				CLANG_WARN_NON_LITERAL_NULL_CONVERSION = YES;
				CLANG_WARN_OBJC_IMPLICIT_RETAIN_SELF = YES;
				CLANG_WARN_OBJC_LITERAL_CONVERSION = YES;
				CLANG_WARN_OBJC_ROOT_CLASS = YES_ERROR;
				CLANG_WARN_RANGE_LOOP_ANALYSIS = YES;
				CLANG_WARN_STRICT_PROTOTYPES = YES;
				CLANG_WARN_SUSPICIOUS_MOVE = YES;
				CLANG_WARN_UNGUARDED_AVAILABILITY = YES_AGGRESSIVE;
				CLANG_WARN_UNREACHABLE_CODE = YES;
				CLANG_WARN__DUPLICATE_METHOD_MATCH = YES;
				CODE_SIGN_IDENTITY = "iPhone Developer";
				COPY_PHASE_STRIP = NO;
				DEBUG_INFORMATION_FORMAT = dwarf;
				ENABLE_STRICT_OBJC_MSGSEND = YES;
				ENABLE_TESTABILITY = YES;
				GCC_C_LANGUAGE_STANDARD = gnu11;
				GCC_DYNAMIC_NO_PIC = NO;
				GCC_NO_COMMON_BLOCKS = YES;
				GCC_OPTIMIZATION_LEVEL = 0;
				GCC_PREPROCESSOR_DEFINITIONS = (
					"DEBUG=1",
					"$(inherited)",
				);
				GCC_WARN_64_TO_32_BIT_CONVERSION = YES;
				GCC_WARN_ABOUT_RETURN_TYPE = YES_ERROR;
				GCC_WARN_UNDECLARED_SELECTOR = YES;
				GCC_WARN_UNINITIALIZED_AUTOS = YES_AGGRESSIVE;
				GCC_WARN_UNUSED_FUNCTION = YES;
				GCC_WARN_UNUSED_VARIABLE = YES;
				IPHONEOS_DEPLOYMENT_TARGET = 12.1;
				MTL_ENABLE_DEBUG_INFO = INCLUDE_SOURCE;
				MTL_FAST_MATH = YES;
				ONLY_ACTIVE_ARCH = YES;
				SDKROOT = iphoneos;
				SWIFT_ACTIVE_COMPILATION_CONDITIONS = DEBUG;
				SWIFT_OPTIMIZATION_LEVEL = "-Onone";
			};
			name = Debug;
		};
		700908D221FCCE6100603AA2 /* Release */ = {
			isa = XCBuildConfiguration;
			buildSettings = {
				ALWAYS_SEARCH_USER_PATHS = NO;
				CLANG_ANALYZER_NONNULL = YES;
				CLANG_ANALYZER_NUMBER_OBJECT_CONVERSION = YES_AGGRESSIVE;
				CLANG_CXX_LANGUAGE_STANDARD = "gnu++14";
				CLANG_CXX_LIBRARY = "libc++";
				CLANG_ENABLE_MODULES = YES;
				CLANG_ENABLE_OBJC_ARC = YES;
				CLANG_ENABLE_OBJC_WEAK = YES;
				CLANG_WARN_BLOCK_CAPTURE_AUTORELEASING = YES;
				CLANG_WARN_BOOL_CONVERSION = YES;
				CLANG_WARN_COMMA = YES;
				CLANG_WARN_CONSTANT_CONVERSION = YES;
				CLANG_WARN_DEPRECATED_OBJC_IMPLEMENTATIONS = YES;
				CLANG_WARN_DIRECT_OBJC_ISA_USAGE = YES_ERROR;
				CLANG_WARN_DOCUMENTATION_COMMENTS = YES;
				CLANG_WARN_EMPTY_BODY = YES;
				CLANG_WARN_ENUM_CONVERSION = YES;
				CLANG_WARN_INFINITE_RECURSION = YES;
				CLANG_WARN_INT_CONVERSION = YES;
				CLANG_WARN_NON_LITERAL_NULL_CONVERSION = YES;
				CLANG_WARN_OBJC_IMPLICIT_RETAIN_SELF = YES;
				CLANG_WARN_OBJC_LITERAL_CONVERSION = YES;
				CLANG_WARN_OBJC_ROOT_CLASS = YES_ERROR;
				CLANG_WARN_RANGE_LOOP_ANALYSIS = YES;
				CLANG_WARN_STRICT_PROTOTYPES = YES;
				CLANG_WARN_SUSPICIOUS_MOVE = YES;
				CLANG_WARN_UNGUARDED_AVAILABILITY = YES_AGGRESSIVE;
				CLANG_WARN_UNREACHABLE_CODE = YES;
				CLANG_WARN__DUPLICATE_METHOD_MATCH = YES;
				CODE_SIGN_IDENTITY = "iPhone Developer";
				COPY_PHASE_STRIP = NO;
				DEBUG_INFORMATION_FORMAT = "dwarf-with-dsym";
				ENABLE_NS_ASSERTIONS = NO;
				ENABLE_STRICT_OBJC_MSGSEND = YES;
				GCC_C_LANGUAGE_STANDARD = gnu11;
				GCC_NO_COMMON_BLOCKS = YES;
				GCC_WARN_64_TO_32_BIT_CONVERSION = YES;
				GCC_WARN_ABOUT_RETURN_TYPE = YES_ERROR;
				GCC_WARN_UNDECLARED_SELECTOR = YES;
				GCC_WARN_UNINITIALIZED_AUTOS = YES_AGGRESSIVE;
				GCC_WARN_UNUSED_FUNCTION = YES;
				GCC_WARN_UNUSED_VARIABLE = YES;
				IPHONEOS_DEPLOYMENT_TARGET = 12.1;
				MTL_ENABLE_DEBUG_INFO = NO;
				MTL_FAST_MATH = YES;
				SDKROOT = iphoneos;
				SWIFT_COMPILATION_MODE = wholemodule;
				SWIFT_OPTIMIZATION_LEVEL = "-O";
				VALIDATE_PRODUCT = YES;
			};
			name = Release;
		};
		700908D421FCCE6100603AA2 /* Debug */ = {
			isa = XCBuildConfiguration;
			baseConfigurationReference = 1CCBEEBDD9087242BF60531F /* Pods-Raivo.debug.xcconfig */;
			buildSettings = {
				ASSETCATALOG_COMPILER_APPICON_NAME = AppIcon;
				CODE_SIGN_ENTITLEMENTS = Raivo/Raivo.entitlements;
				CODE_SIGN_STYLE = Automatic;
				DEVELOPMENT_TEAM = 564B4ETY69;
				INFOPLIST_FILE = "$(SRCROOT)/Raivo/Supporting/Info.plist";
				IPHONEOS_DEPLOYMENT_TARGET = 10.0;
				LD_RUNPATH_SEARCH_PATHS = (
					"$(inherited)",
					"@executable_path/Frameworks",
				);
				PRODUCT_BUNDLE_IDENTIFIER = com.finnwea.Raivo;
				PRODUCT_NAME = "$(TARGET_NAME)";
				SWIFT_VERSION = 4.2;
				TARGETED_DEVICE_FAMILY = 1;
			};
			name = Debug;
		};
		700908D521FCCE6100603AA2 /* Release */ = {
			isa = XCBuildConfiguration;
			baseConfigurationReference = 7C15382D1377197EFF103762 /* Pods-Raivo.release.xcconfig */;
			buildSettings = {
				ASSETCATALOG_COMPILER_APPICON_NAME = AppIcon;
				CODE_SIGN_ENTITLEMENTS = Raivo/Raivo.entitlements;
				CODE_SIGN_STYLE = Automatic;
				DEVELOPMENT_TEAM = 564B4ETY69;
				INFOPLIST_FILE = "$(SRCROOT)/Raivo/Supporting/Info.plist";
				IPHONEOS_DEPLOYMENT_TARGET = 10.0;
				LD_RUNPATH_SEARCH_PATHS = (
					"$(inherited)",
					"@executable_path/Frameworks",
				);
				PRODUCT_BUNDLE_IDENTIFIER = com.finnwea.Raivo;
				PRODUCT_NAME = "$(TARGET_NAME)";
				SWIFT_VERSION = 4.2;
				TARGETED_DEVICE_FAMILY = 1;
			};
			name = Release;
		};
/* End XCBuildConfiguration section */

/* Begin XCConfigurationList section */
		700908BC21FCCE5F00603AA2 /* Build configuration list for PBXProject "Raivo" */ = {
			isa = XCConfigurationList;
			buildConfigurations = (
				700908D121FCCE6100603AA2 /* Debug */,
				700908D221FCCE6100603AA2 /* Release */,
			);
			defaultConfigurationIsVisible = 0;
			defaultConfigurationName = Release;
		};
		700908D321FCCE6100603AA2 /* Build configuration list for PBXNativeTarget "Raivo" */ = {
			isa = XCConfigurationList;
			buildConfigurations = (
				700908D421FCCE6100603AA2 /* Debug */,
				700908D521FCCE6100603AA2 /* Release */,
			);
			defaultConfigurationIsVisible = 0;
			defaultConfigurationName = Release;
		};
/* End XCConfigurationList section */
	};
	rootObject = 700908B921FCCE5F00603AA2 /* Project object */;
}
