{
  "pins" : [
    {
      "identity" : "alamofire",
      "kind" : "remoteSourceControl",
      "location" : "https://github.com/Alamofire/Alamofire.git",
      "state" : {
        "revision" : "747c8db8d57b68d5e35275f10c92d55f982adbd4",
        "version" : "4.9.1"
      }
    },
    {
      "identity" : "base32",
      "kind" : "remoteSourceControl",
      "location" : "https://github.com/mattrubin/Base32.git",
      "state" : {
        "branch" : "1.1.2+spm",
        "revision" : "d185e44c8b355d34d5c6c6ad502c60cba4599f69"
      }
    },
    {
      "identity" : "codescanner",
      "kind" : "remoteSourceControl",
      "location" : "https://github.com/twostraws/CodeScanner",
      "state" : {
        "revision" : "c27a66149b7483fe42e2ec6aad61d5c3fffe522d",
        "version" : "2.1.1"
      }
    },
    {
      "identity" : "efqrcode",
      "kind" : "remoteSourceControl",
      "location" : "https://github.com/EFPrefix/EFQRCode.git",
      "state" : {
        "revision" : "bebbd09eaf28243ec576f6d53cbf9cc5b10eaffb",
        "version" : "6.2.1"
      }
    },
    {
      "identity" : "eureka",
      "kind" : "remoteSourceControl",
      "location" : "https://github.com/xmartlabs/Eureka.git",
      "state" : {
        "revision" : "a7523afdfe38478c6d5706a8ac01d26590835493",
        "version" : "5.3.6"
      }
    },
    {
      "identity" : "haptica",
      "kind" : "remoteSourceControl",
      "location" : "https://github.com/efremidze/Haptica.git",
      "state" : {
        "revision" : "e03932406d2f36f10beefd31717730b2c2fa9014",
        "version" : "3.0.3"
      }
    },
    {
      "identity" : "htmlstring",
      "kind" : "remoteSourceControl",
      "location" : "https://github.com/alexisakers/HTMLString.git",
      "state" : {
        "revision" : "04613a3b0f40a91e554b5174c0a10657f1a26357",
        "version" : "6.0.1"
      }
    },
    {
      "identity" : "onetimepassword",
      "kind" : "remoteSourceControl",
      "location" : "https://github.com/mattrubin/OneTimePassword",
      "state" : {
        "revision" : "52c31133acc16e5b6954c5ee50c6dfe5d22e1603"
      }
    },
    {
      "identity" : "realm-cocoa",
      "kind" : "remoteSourceControl",
      "location" : "https://github.com/realm/realm-cocoa.git",
      "state" : {
        "revision" : "fd279e0a94b46c5bd65b17e36817a4365c7a5482",
        "version" : "10.28.2"
      }
    },
    {
      "identity" : "realm-core",
      "kind" : "remoteSourceControl",
      "location" : "https://github.com/realm/realm-core",
      "state" : {
        "revision" : "55a48c287b5e3a8ca129c257ec7e3b92bcb2a05f",
        "version" : "12.3.0"
      }
    },
    {
      "identity" : "rncryptor",
      "kind" : "remoteSourceControl",
      "location" : "https://github.com/RNCryptor/RNCryptor.git",
      "state" : {
        "revision" : "5e3bbf44f08bf90049537cb8902d8f4fa911a79a",
        "version" : "5.1.0"
      }
    },
    {
      "identity" : "sdwebimage",
      "kind" : "remoteSourceControl",
      "location" : "https://github.com/SDWebImage/SDWebImage.git",
      "state" : {
        "revision" : "2e63d0061da449ad0ed130768d05dceb1496de44",
        "version" : "5.12.5"
      }
    },
    {
      "identity" : "spalert",
      "kind" : "remoteSourceControl",
      "location" : "https://github.com/ivanvorobei/SPAlert.git",
      "state" : {
        "revision" : "18862409586ac547bcdf8957cd96beb872fbc729",
        "version" : "2.1.4"
      }
    },
    {
      "identity" : "spstorkcontroller",
      "kind" : "remoteSourceControl",
      "location" : "https://github.com/ivanvorobei/SPStorkController.git",
      "state" : {
        "revision" : "87440c439e84bea61b28e82788ae704ab7171eb1",
        "version" : "1.8.5"
      }
    },
    {
      "identity" : "swift_qrcodejs",
      "kind" : "remoteSourceControl",
      "location" : "https://github.com/ApolloZhu/swift_qrcodejs.git",
      "state" : {
        "revision" : "374dc7f7b9e76c6aeb393f6a84590c6d387e1ecb",
        "version" : "2.2.2"
      }
    },
    {
      "identity" : "swiftui-introspect",
      "kind" : "remoteSourceControl",
      "location" : "https://github.com/timbersoftware/SwiftUI-Introspect.git",
      "state" : {
        "revision" : "f2616860a41f9d9932da412a8978fec79c06fe24",
        "version" : "0.1.4"
      }
    },
    {
      "identity" : "swiftybeaver",
      "kind" : "remoteSourceControl",
      "location" : "https://github.com/SwiftyBeaver/SwiftyBeaver.git",
      "state" : {
        "revision" : "2c039501d6eeb4d4cd4aec4a8d884ad28862e044",
        "version" : "1.9.5"
      }
    },
    {
      "identity" : "swipecell",
      "kind" : "remoteSourceControl",
      "location" : "https://github.com/fatbobman/SwipeCell",
      "state" : {
        "revision" : "636a095f1656c9ac2b08d7a33c873ac481d43f64",
        "version" : "0.9.3"
      }
    },
    {
      "identity" : "swipecellkit",
      "kind" : "remoteSourceControl",
      "location" : "https://github.com/SwipeCellKit/SwipeCellKit.git",
      "state" : {
        "revision" : "7219cad3098637176ace311510d11467dbfb9bb0",
        "version" : "2.7.1"
      }
    },
    {
      "identity" : "valet",
      "kind" : "remoteSourceControl",
      "location" : "https://github.com/square/Valet.git",
      "state" : {
        "revision" : "2bf3329055f5d71d42a12801dd69d1d770fafa5e",
        "version" : "4.1.2"
      }
    },
    {
      "identity" : "viewrow",
      "kind" : "remoteSourceControl",
      "location" : "https://github.com/EurekaCommunity/ViewRow.git",
      "state" : {
        "revision" : "3428a3b825a5641ae7fb65f3f787aba2b1b4dab9",
        "version" : "0.9.0"
      }
    },
    {
      "identity" : "ziparchive",
      "kind" : "remoteSourceControl",
      "location" : "https://github.com/ZipArchive/ZipArchive.git",
      "state" : {
        "revision" : "825ff12a74a94c54e737e279604c27e6740e8a2c",
        "version" : "2.4.2"
      }
    }
  ],
  "version" : 2
}
